
Microsoft Visual Studio Solution File, Format Version 12.00
# Visual Studio Version 17
VisualStudioVersion = 17.0.31903.59
MinimumVisualStudioVersion = 10.0.40219.1
Project("{2150E333-8FDC-42A3-9474-1A3956D46DE8}") = "src", "src", "{F7C666EF-4622-444B-B9CC-A5FE0A5FAF1C}"
EndProject
Project("{FAE04EC0-301F-11D3-BF4B-00C04F79EFBC}") = "AesFileCrypt.Core", "src\AesFileCrypt.Core\AesFileCrypt.Core.csproj", "{B6CF669F-3EBE-4CF9-98FC-31975CCA700C}"
EndProject
Project("{FAE04EC0-301F-11D3-BF4B-00C04F79EFBC}") = "AesFileCrypt.App", "src\AesFileCrypt.App\AesFileCrypt.App.csproj", "{BAFAD50E-91FA-414D-9739-6EC247067D19}"
EndProject
Global
	GlobalSection(SolutionConfigurationPlatforms) = preSolution
		Debug|Any CPU = Debug|Any CPU
		Release|Any CPU = Release|Any CPU
	EndGlobalSection
	GlobalSection(SolutionProperties) = preSolution
		HideSolutionNode = FALSE
	EndGlobalSection
	GlobalSection(ProjectConfigurationPlatforms) = postSolution
		{B6CF669F-3EBE-4CF9-98FC-31975CCA700C}.Debug|Any CPU.ActiveCfg = Debug|Any CPU
		{B6CF669F-3EBE-4CF9-98FC-31975CCA700C}.Debug|Any CPU.Build.0 = Debug|Any CPU
		{B6CF669F-3EBE-4CF9-98FC-31975CCA700C}.Release|Any CPU.ActiveCfg = Release|Any CPU
		{B6CF669F-3EBE-4CF9-98FC-31975CCA700C}.Release|Any CPU.Build.0 = Release|Any CPU
		{BAFAD50E-91FA-414D-9739-6EC247067D19}.Debug|Any CPU.ActiveCfg = Debug|Any CPU
		{BAFAD50E-91FA-414D-9739-6EC247067D19}.Debug|Any CPU.Build.0 = Debug|Any CPU
		{BAFAD50E-91FA-414D-9739-6EC247067D19}.Release|Any CPU.ActiveCfg = Release|Any CPU
		{BAFAD50E-91FA-414D-9739-6EC247067D19}.Release|Any CPU.Build.0 = Release|Any CPU
	EndGlobalSection
	GlobalSection(NestedProjects) = preSolution
		{B6CF669F-3EBE-4CF9-98FC-31975CCA700C} = {F7C666EF-4622-444B-B9CC-A5FE0A5FAF1C}
		{BAFAD50E-91FA-414D-9739-6EC247067D19} = {F7C666EF-4622-444B-B9CC-A5FE0A5FAF1C}
	EndGlobalSection
EndGlobal
